
Microsoft Visual Studio Solution File, Format Version 12.00
# Visual Studio Version 16
VisualStudioVersion = 16.0.30517.126
MinimumVisualStudioVersion = 10.0.40219.1
Project("{FAE04EC0-301F-11D3-BF4B-00C04F79EFBC}") = "MapObjects", "MapObjects\MapObjects.csproj", "{78F1CFA5-CF08-463D-8937-0CB1F097C2A1}"
EndProject
Project("{FAE04EC0-301F-11D3-BF4B-00C04F79EFBC}") = "MapObjectsTests", "MapObjectsTests\MapObjectsTests.csproj", "{F6D58609-1FA0-4DAF-8FAF-6DE41C4BD91B}"
EndProject
Global
	GlobalSection(SolutionConfigurationPlatforms) = preSolution
		Debug|Any CPU = Debug|Any CPU
		Release|Any CPU = Release|Any CPU
	EndGlobalSection
	GlobalSection(ProjectConfigurationPlatforms) = postSolution
		{78F1CFA5-CF08-463D-8937-0CB1F097C2A1}.Debug|Any CPU.ActiveCfg = Debug|Any CPU
		{78F1CFA5-CF08-463D-8937-0CB1F097C2A1}.Debug|Any CPU.Build.0 = Debug|Any CPU
		{78F1CFA5-CF08-463D-8937-0CB1F097C2A1}.Release|Any CPU.ActiveCfg = Release|Any CPU
		{78F1CFA5-CF08-463D-8937-0CB1F097C2A1}.Release|Any CPU.Build.0 = Release|Any CPU
		{F6D58609-1FA0-4DAF-8FAF-6DE41C4BD91B}.Debug|Any CPU.ActiveCfg = Debug|Any CPU
		{F6D58609-1FA0-4DAF-8FAF-6DE41C4BD91B}.Debug|Any CPU.Build.0 = Debug|Any CPU
		{F6D58609-1FA0-4DAF-8FAF-6DE41C4BD91B}.Release|Any CPU.ActiveCfg = Release|Any CPU
		{F6D58609-1FA0-4DAF-8FAF-6DE41C4BD91B}.Release|Any CPU.Build.0 = Release|Any CPU
	EndGlobalSection
	GlobalSection(SolutionProperties) = preSolution
		HideSolutionNode = FALSE
	EndGlobalSection
	GlobalSection(ExtensibilityGlobals) = postSolution
		SolutionGuid = {FC772ED2-E7DE-4B3E-95CB-6D246CF5C515}
	EndGlobalSection
EndGlobal
